{
  "name": "test",
  "version": "1.0.0",
  "lockfileVersion": 1,
  "requires": true,
  "dependencies": {
    "passport-gamma": {
      "version": "0.0.1",
      "resolved": "https://registry.npmjs.org/passport-gamma/-/passport-gamma-0.0.1.tgz",
      "integrity": "sha512-39ZiIl6swTjoPdhwlfyZ4nTnqxYCtYQz9f9tiYe8ItVfWhjSvqGgWeqkRppsn3hik2wHSGigNzvd4zFZ2V9u4w=="
    }
  }
}
